
Microsoft Visual Studio Solution File, Format Version 12.00
Project("{FAE04EC0-301F-11D3-BF4B-00C04F79EFBC}") = "SolarTimeProvider", "SolarTimeProvider\SolarTimeProvider.csproj", "{9E465A09-F5FE-48AF-967F-7EBF7FF43757}"
EndProject
Project("{FAE04EC0-301F-11D3-BF4B-00C04F79EFBC}") = "SolarTimeProvider.Tests", "SolarTimeProvider.Tests\SolarTimeProvider.Tests.csproj", "{412DDEED-47D6-4764-B0CA-3429743A69EA}"
EndProject
Global
	GlobalSection(SolutionConfigurationPlatforms) = preSolution
		Debug|Any CPU = Debug|Any CPU
		Release|Any CPU = Release|Any CPU
	EndGlobalSection
	GlobalSection(ProjectConfigurationPlatforms) = postSolution
		{9E465A09-F5FE-48AF-967F-7EBF7FF43757}.Debug|Any CPU.ActiveCfg = Debug|Any CPU
		{9E465A09-F5FE-48AF-967F-7EBF7FF43757}.Debug|Any CPU.Build.0 = Debug|Any CPU
		{9E465A09-F5FE-48AF-967F-7EBF7FF43757}.Release|Any CPU.ActiveCfg = Release|Any CPU
		{9E465A09-F5FE-48AF-967F-7EBF7FF43757}.Release|Any CPU.Build.0 = Release|Any CPU
		{412DDEED-47D6-4764-B0CA-3429743A69EA}.Debug|Any CPU.ActiveCfg = Debug|Any CPU
		{412DDEED-47D6-4764-B0CA-3429743A69EA}.Debug|Any CPU.Build.0 = Debug|Any CPU
		{412DDEED-47D6-4764-B0CA-3429743A69EA}.Release|Any CPU.ActiveCfg = Release|Any CPU
		{412DDEED-47D6-4764-B0CA-3429743A69EA}.Release|Any CPU.Build.0 = Release|Any CPU
	EndGlobalSection
EndGlobal
